// !$*UTF8*$!
{
	archiveVersion = 1;
	classes = {
	};
	objectVersion = 77;
	objects = {

/* Begin PBXBuildFile section */
		AABB001000000000000000B1 /* Views in Frameworks */ = {isa = PBXBuildFile; productRef = AABB001000000000000000A1 /* Views */; };
		AABB001000000000000000B2 /* DavesUtilities in Frameworks */ = {isa = PBXBuildFile; productRef = AABB001000000000000000A2 /* DavesUtilities */; };
		BC655B6F2FC69E6200336045 /* libSelfVM-visionos.a in Frameworks */ = {isa = PBXBuildFile; fileRef = BC655B6E2FC69E6200336045 /* libSelfVM-visionos.a */; };
		BC655B7A2FC69E7D00336045 /* DavesUtilities in Frameworks */ = {isa = PBXBuildFile; productRef = BC655B792FC69E7D00336045 /* DavesUtilities */; };
		BC655B7B2FC69E8C00336045 /* libSelfVM-macos.a in Frameworks */ = {isa = PBXBuildFile; fileRef = BC655B782FC69E6300336045 /* libSelfVM-macos.a */; };
		BC655B7D2FC69E9C00336045 /* Views in Frameworks */ = {isa = PBXBuildFile; productRef = BC655B7C2FC69E9C00336045 /* Views */; };
/* End PBXBuildFile section */

/* Begin PBXContainerItemProxy section */
		BC655B6D2FC69E6200336045 /* PBXContainerItemProxy */ = {
			isa = PBXContainerItemProxy;
			containerPortal = AABB001000000000000000E1 /* Self (visionOS VM) */;
			proxyType = 2;
			remoteGlobalIDString = 8F95B7181353458389AC4587;
			remoteInfo = Self;
		};
		BC655B772FC69E6300336045 /* PBXContainerItemProxy */ = {
			isa = PBXContainerItemProxy;
			containerPortal = BC8FD3422FC68F8B007157C8 /* Self (macOS VM) */;
			proxyType = 2;
			remoteGlobalIDString = 16DF44C10F1D47248E654244;
			remoteInfo = Self;
		};
/* End PBXContainerItemProxy section */

/* Begin PBXFileReference section */
		AABB001000000000000000E1 /* Self (visionOS VM) */ = {isa = PBXFileReference; lastKnownFileType = "wrapper.pb-project"; name = "Self (visionOS VM)"; path = "/Users/ungar/self/vms/OurSelf/self64/cmake-build-AVP-compilation-check/Self.xcodeproj"; sourceTree = "<absolute>"; };
		BC1A1F442FBD408B002C1CA9 /* SpatialSelf.xcodeproj */ = {isa = PBXFileReference; lastKnownFileType = "wrapper.pb-project"; path = SpatialSelf.xcodeproj; sourceTree = "<group>"; };
		BC2759822FC69A4900A1ABB3 /* SpatialSelf.xcodeproj */ = {isa = PBXFileReference; lastKnownFileType = "wrapper.pb-project"; path = SpatialSelf.xcodeproj; sourceTree = "<group>"; };
		BC655B4F2FC69E4600336045 /* SpatialSelf.xcodeproj */ = {isa = PBXFileReference; lastKnownFileType = "wrapper.pb-project"; path = SpatialSelf.xcodeproj; sourceTree = "<group>"; };
		BC8FD31F2FC6574F007157C8 /* SpatialSelf.xcodeproj */ = {isa = PBXFileReference; lastKnownFileType = "wrapper.pb-project"; path = SpatialSelf.xcodeproj; sourceTree = "<group>"; };
		BC8FD32C2FC68EA7007157C8 /* MacSpatialSelf.app */ = {isa = PBXFileReference; explicitFileType = wrapper.application; includeInIndex = 0; path = MacSpatialSelf.app; sourceTree = BUILT_PRODUCTS_DIR; };
		BC8FD3422FC68F8B007157C8 /* Self (macOS VM) */ = {isa = PBXFileReference; lastKnownFileType = "wrapper.pb-project"; name = "Self (macOS VM)"; path = "/Users/ungar/self/vms/OurSelf/self64/cmake-build-macos-lib/Self.xcodeproj"; sourceTree = "<absolute>"; };
		BCD26E3E2FBC04AA002B5A13 /* VisionSpatialSelf.app */ = {isa = PBXFileReference; explicitFileType = wrapper.application; includeInIndex = 0; path = VisionSpatialSelf.app; sourceTree = BUILT_PRODUCTS_DIR; };
		BCD2724F2FBC0E32002B5A13 /* SpatialSelf.xcodeproj */ = {isa = PBXFileReference; lastKnownFileType = "wrapper.pb-project"; path = SpatialSelf.xcodeproj; sourceTree = "<group>"; };
/* End PBXFileReference section */

/* Begin PBXFileSystemSynchronizedBuildFileExceptionSet section */
		BCCB06722FCAA9E100D50450 /* Exceptions for "MacSpatialSelf" folder in "VisionSpatialSelf" target */ = {
			isa = PBXFileSystemSynchronizedBuildFileExceptionSet;
			membershipExceptions = (
				ContentView.swift,
				HostBridge.swift,
				MacRootView.swift,
				MacSelfLauncher.swift,
			);
			target = BCD26E3D2FBC04AA002B5A13 /* VisionSpatialSelf */;
		};
		BCD26E4E2FBC04AB002B5A13 /* Exceptions for "SpatialSelf" folder in "VisionSpatialSelf" target */ = {
			isa = PBXFileSystemSynchronizedBuildFileExceptionSet;
			membershipExceptions = (
				Info.plist,
			);
			target = BCD26E3D2FBC04AA002B5A13 /* VisionSpatialSelf */;
		};
/* End PBXFileSystemSynchronizedBuildFileExceptionSet section */

/* Begin PBXFileSystemSynchronizedRootGroup section */
		BC5A1ED0000000000000A001 /* Shared */ = {
			isa = PBXFileSystemSynchronizedRootGroup;
			path = Shared;
			sourceTree = "<group>";
		};
		BC8FD32D2FC68EA7007157C8 /* MacSpatialSelf */ = {
			isa = PBXFileSystemSynchronizedRootGroup;
			exceptions = (
				BCCB06722FCAA9E100D50450 /* Exceptions for "MacSpatialSelf" folder in "VisionSpatialSelf" target */,
			);
			path = MacSpatialSelf;
			sourceTree = "<group>";
		};
		BCD26E402FBC04AA002B5A13 /* SpatialSelf */ = {
			isa = PBXFileSystemSynchronizedRootGroup;
			exceptions = (
				BCD26E4E2FBC04AB002B5A13 /* Exceptions for "SpatialSelf" folder in "VisionSpatialSelf" target */,
			);
			path = SpatialSelf;
			sourceTree = "<group>";
		};
/* End PBXFileSystemSynchronizedRootGroup section */

/* Begin PBXFrameworksBuildPhase section */
		BC8FD3292FC68EA7007157C8 /* Frameworks */ = {
			isa = PBXFrameworksBuildPhase;
			buildActionMask = 2147483647;
			files = (
				BC655B7D2FC69E9C00336045 /* Views in Frameworks */,
				BC655B7B2FC69E8C00336045 /* libSelfVM-macos.a in Frameworks */,
				BC655B7A2FC69E7D00336045 /* DavesUtilities in Frameworks */,
			);
			runOnlyForDeploymentPostprocessing = 0;
		};
		BCD26E3B2FBC04AA002B5A13 /* Frameworks */ = {
			isa = PBXFrameworksBuildPhase;
			buildActionMask = 2147483647;
			files = (
				AABB001000000000000000B1 /* Views in Frameworks */,
				AABB001000000000000000B2 /* DavesUtilities in Frameworks */,
				BC655B6F2FC69E6200336045 /* libSelfVM-visionos.a in Frameworks */,
			);
			runOnlyForDeploymentPostprocessing = 0;
		};
/* End PBXFrameworksBuildPhase section */

/* Begin PBXGroup section */
		BC1A1F452FBD408B002C1CA9 /* Products */ = {
			isa = PBXGroup;
			name = Products;
			sourceTree = "<group>";
		};
		BC2759832FC69A4900A1ABB3 /* Products */ = {
			isa = PBXGroup;
			name = Products;
			sourceTree = "<group>";
		};
		BC275C3B2FC69A4900A1ABB3 /* Products */ = {
			isa = PBXGroup;
			children = (
				BC655B6E2FC69E6200336045 /* libSelfVM-visionos.a */,
			);
			name = Products;
			sourceTree = "<group>";
		};
		BC275C3D2FC69A4900A1ABB3 /* Products */ = {
			isa = PBXGroup;
			children = (
				BC655B782FC69E6300336045 /* libSelfVM-macos.a */,
			);
			name = Products;
			sourceTree = "<group>";
		};
		BC275C4F2FC69B4900A1ABB3 /* Frameworks */ = {
			isa = PBXGroup;
			children = (
			);
			name = Frameworks;
			sourceTree = "<group>";
		};
		BC655B502FC69E4600336045 /* Products */ = {
			isa = PBXGroup;
			name = Products;
			sourceTree = "<group>";
		};
		BC8FD3202FC6574F007157C8 /* Products */ = {
			isa = PBXGroup;
			name = Products;
			sourceTree = "<group>";
		};
		BCD26E352FBC04AA002B5A13 = {
			isa = PBXGroup;
			children = (
				BC8FD3422FC68F8B007157C8 /* Self (macOS VM) */,
				BCD26E402FBC04AA002B5A13 /* SpatialSelf */,
				AABB001000000000000000E1 /* Self (visionOS VM) */,
				BC8FD32D2FC68EA7007157C8 /* MacSpatialSelf */,
				BC5A1ED0000000000000A001 /* Shared */,
				BC275C4F2FC69B4900A1ABB3 /* Frameworks */,
				BCD26E3F2FBC04AA002B5A13 /* Products */,
			);
			sourceTree = "<group>";
		};
		BCD26E3F2FBC04AA002B5A13 /* Products */ = {
			isa = PBXGroup;
			children = (
				BCD26E3E2FBC04AA002B5A13 /* VisionSpatialSelf.app */,
				BC8FD32C2FC68EA7007157C8 /* MacSpatialSelf.app */,
			);
			name = Products;
			sourceTree = "<group>";
		};
		BCD272502FBC0E32002B5A13 /* Products */ = {
			isa = PBXGroup;
			name = Products;
			sourceTree = "<group>";
		};
/* End PBXGroup section */

/* Begin PBXNativeTarget section */
		BC8FD32B2FC68EA7007157C8 /* MacSpatialSelf */ = {
			isa = PBXNativeTarget;
			buildConfigurationList = BC8FD33A2FC68EA8007157C8 /* Build configuration list for PBXNativeTarget "MacSpatialSelf" */;
			buildPhases = (
				BC8FD3282FC68EA7007157C8 /* Sources */,
				BC8FD3292FC68EA7007157C8 /* Frameworks */,
				BC8FD32A2FC68EA7007157C8 /* Resources */,
			);
			buildRules = (
			);
			dependencies = (
			);
			fileSystemSynchronizedGroups = (
				BC5A1ED0000000000000A001 /* Shared */,
				BC8FD32D2FC68EA7007157C8 /* MacSpatialSelf */,
			);
			name = MacSpatialSelf;
			packageProductDependencies = (
				BC655B792FC69E7D00336045 /* DavesUtilities */,
				BC655B7C2FC69E9C00336045 /* Views */,
			);
			productName = MacSpatialSelf;
			productReference = BC8FD32C2FC68EA7007157C8 /* MacSpatialSelf.app */;
			productType = "com.apple.product-type.application";
		};
		BCD26E3D2FBC04AA002B5A13 /* VisionSpatialSelf */ = {
			isa = PBXNativeTarget;
			buildConfigurationList = BCD26E4F2FBC04AB002B5A13 /* Build configuration list for PBXNativeTarget "VisionSpatialSelf" */;
			buildPhases = (
				BCD26E3A2FBC04AA002B5A13 /* Sources */,
				BCD26E3B2FBC04AA002B5A13 /* Frameworks */,
				BCD26E3C2FBC04AA002B5A13 /* Resources */,
			);
			buildRules = (
			);
			dependencies = (
			);
			fileSystemSynchronizedGroups = (
				BC5A1ED0000000000000A001 /* Shared */,
				BCD26E402FBC04AA002B5A13 /* SpatialSelf */,
			);
			name = VisionSpatialSelf;
			packageProductDependencies = (
				AABB001000000000000000A1 /* Views */,
				AABB001000000000000000A2 /* DavesUtilities */,
			);
			productName = SpatialSelf;
			productReference = BCD26E3E2FBC04AA002B5A13 /* VisionSpatialSelf.app */;
			productType = "com.apple.product-type.application";
		};
/* End PBXNativeTarget section */

/* Begin PBXProject section */
		BCD26E362FBC04AA002B5A13 /* Project object */ = {
			isa = PBXProject;
			attributes = {
				BuildIndependentTargetsInParallel = 1;
				LastSwiftUpdateCheck = 2650;
				LastUpgradeCheck = 2650;
				TargetAttributes = {
					BC8FD32B2FC68EA7007157C8 = {
						CreatedOnToolsVersion = 26.5;
					};
					BCD26E3D2FBC04AA002B5A13 = {
						CreatedOnToolsVersion = 26.5;
					};
				};
			};
			buildConfigurationList = BCD26E392FBC04AA002B5A13 /* Build configuration list for PBXProject "SpatialSelf" */;
			developmentRegion = en;
			hasScannedForEncodings = 0;
			knownRegions = (
				en,
				Base,
			);
			mainGroup = BCD26E352FBC04AA002B5A13;
			minimizedProjectReferenceProxies = 1;
			preferredProjectObjectVersion = 77;
			productRefGroup = BCD26E3F2FBC04AA002B5A13 /* Products */;
			projectDirPath = "";
			projectReferences = (
				{
					ProductGroup = BC275C3D2FC69A4900A1ABB3 /* Products */;
					ProjectRef = BC8FD3422FC68F8B007157C8 /* Self (macOS VM) */;
				},
				{
					ProductGroup = BC275C3B2FC69A4900A1ABB3 /* Products */;
					ProjectRef = AABB001000000000000000E1 /* Self (visionOS VM) */;
				},
				{
					ProductGroup = BCD272502FBC0E32002B5A13 /* Products */;
					ProjectRef = BCD2724F2FBC0E32002B5A13 /* SpatialSelf.xcodeproj */;
				},
				{
					ProductGroup = BC8FD3202FC6574F007157C8 /* Products */;
					ProjectRef = BC8FD31F2FC6574F007157C8 /* SpatialSelf.xcodeproj */;
				},
				{
					ProductGroup = BC655B502FC69E4600336045 /* Products */;
					ProjectRef = BC655B4F2FC69E4600336045 /* SpatialSelf.xcodeproj */;
				},
				{
					ProductGroup = BC1A1F452FBD408B002C1CA9 /* Products */;
					ProjectRef = BC1A1F442FBD408B002C1CA9 /* SpatialSelf.xcodeproj */;
				},
				{
					ProductGroup = BC2759832FC69A4900A1ABB3 /* Products */;
					ProjectRef = BC2759822FC69A4900A1ABB3 /* SpatialSelf.xcodeproj */;
				},
			);
			projectRoot = "";
			targets = (
				BCD26E3D2FBC04AA002B5A13 /* VisionSpatialSelf */,
				BC8FD32B2FC68EA7007157C8 /* MacSpatialSelf */,
			);
		};
/* End PBXProject section */

/* Begin PBXReferenceProxy section */
		BC655B6E2FC69E6200336045 /* libSelfVM-visionos.a */ = {
			isa = PBXReferenceProxy;
			fileType = archive.ar;
			path = "libSelfVM-visionos.a";
			remoteRef = BC655B6D2FC69E6200336045 /* PBXContainerItemProxy */;
			sourceTree = BUILT_PRODUCTS_DIR;
		};
		BC655B782FC69E6300336045 /* libSelfVM-macos.a */ = {
			isa = PBXReferenceProxy;
			fileType = archive.ar;
			path = "libSelfVM-macos.a";
			remoteRef = BC655B772FC69E6300336045 /* PBXContainerItemProxy */;
			sourceTree = BUILT_PRODUCTS_DIR;
		};
/* End PBXReferenceProxy section */

/* Begin PBXResourcesBuildPhase section */
		BC8FD32A2FC68EA7007157C8 /* Resources */ = {
			isa = PBXResourcesBuildPhase;
			buildActionMask = 2147483647;
			files = (
			);
			runOnlyForDeploymentPostprocessing = 0;
		};
		BCD26E3C2FBC04AA002B5A13 /* Resources */ = {
			isa = PBXResourcesBuildPhase;
			buildActionMask = 2147483647;
			files = (
			);
			runOnlyForDeploymentPostprocessing = 0;
		};
/* End PBXResourcesBuildPhase section */

/* Begin PBXSourcesBuildPhase section */
		BC8FD3282FC68EA7007157C8 /* Sources */ = {
			isa = PBXSourcesBuildPhase;
			buildActionMask = 2147483647;
			files = (
			);
			runOnlyForDeploymentPostprocessing = 0;
		};
		BCD26E3A2FBC04AA002B5A13 /* Sources */ = {
			isa = PBXSourcesBuildPhase;
			buildActionMask = 2147483647;
			files = (
			);
			runOnlyForDeploymentPostprocessing = 0;
		};
/* End PBXSourcesBuildPhase section */

/* Begin XCBuildConfiguration section */
		BC8FD3342FC68EA8007157C8 /* Debug */ = {
			isa = XCBuildConfiguration;
			buildSettings = {
				ARCHS = arm64;
				ASSETCATALOG_COMPILER_APPICON_NAME = AppIcon;
				ASSETCATALOG_COMPILER_GLOBAL_ACCENT_COLOR_NAME = AccentColor;
				CODE_SIGN_STYLE = Automatic;
				COMBINE_HIDPI_IMAGES = YES;
				CURRENT_PROJECT_VERSION = 1;
				DEVELOPMENT_TEAM = VP33SENQ3F;
				ENABLE_APP_SANDBOX = NO;
				ENABLE_HARDENED_RUNTIME = YES;
				ENABLE_PREVIEWS = YES;
				GENERATE_INFOPLIST_FILE = YES;
				HEADER_SEARCH_PATHS = "$(HOME)/self/vms/OurSelf/self64/vm64/build_support/embed";
				INFOPLIST_KEY_NSHumanReadableCopyright = "";
				LD_RUNPATH_SEARCH_PATHS = (
					"$(inherited)",
					"@executable_path/../Frameworks",
				);
				MACOSX_DEPLOYMENT_TARGET = 26.5;
				MARKETING_VERSION = 1.0;
				OTHER_LDFLAGS = (
					"-lc++",
					"-lncurses",
				);
				PRODUCT_BUNDLE_IDENTIFIER = org.selflanguage.MacSpatialSelf;
				PRODUCT_NAME = "$(TARGET_NAME)";
				REGISTER_APP_GROUPS = YES;
				SDKROOT = macosx;
				STRING_CATALOG_GENERATE_SYMBOLS = YES;
				SWIFT_APPROACHABLE_CONCURRENCY = YES;
				SWIFT_DEFAULT_ACTOR_ISOLATION = MainActor;
				SWIFT_EMIT_LOC_STRINGS = YES;
				SWIFT_OBJC_BRIDGING_HEADER = "SpatialSelf/SpatialSelf-Bridging-Header.h";
				SWIFT_UPCOMING_FEATURE_MEMBER_IMPORT_VISIBILITY = YES;
				SWIFT_VERSION = 5.0;
			};
			name = Debug;
		};
		BC8FD3352FC68EA8007157C8 /* Release */ = {
			isa = XCBuildConfiguration;
			buildSettings = {
				ARCHS = arm64;
				ASSETCATALOG_COMPILER_APPICON_NAME = AppIcon;
				ASSETCATALOG_COMPILER_GLOBAL_ACCENT_COLOR_NAME = AccentColor;
				CODE_SIGN_STYLE = Automatic;
				COMBINE_HIDPI_IMAGES = YES;
				CURRENT_PROJECT_VERSION = 1;
				DEVELOPMENT_TEAM = VP33SENQ3F;
				ENABLE_APP_SANDBOX = NO;
				ENABLE_HARDENED_RUNTIME = YES;
				ENABLE_PREVIEWS = YES;
				GENERATE_INFOPLIST_FILE = YES;
				HEADER_SEARCH_PATHS = "$(HOME)/self/vms/OurSelf/self64/vm64/build_support/embed";
				INFOPLIST_KEY_NSHumanReadableCopyright = "";
				LD_RUNPATH_SEARCH_PATHS = (
					"$(inherited)",
					"@executable_path/../Frameworks",
				);
				MACOSX_DEPLOYMENT_TARGET = 26.5;
				MARKETING_VERSION = 1.0;
				OTHER_LDFLAGS = (
					"-lc++",
					"-lncurses",
				);
				PRODUCT_BUNDLE_IDENTIFIER = org.selflanguage.MacSpatialSelf;
				PRODUCT_NAME = "$(TARGET_NAME)";
				REGISTER_APP_GROUPS = YES;
				SDKROOT = macosx;
				STRING_CATALOG_GENERATE_SYMBOLS = YES;
				SWIFT_APPROACHABLE_CONCURRENCY = YES;
				SWIFT_DEFAULT_ACTOR_ISOLATION = MainActor;
				SWIFT_EMIT_LOC_STRINGS = YES;
				SWIFT_OBJC_BRIDGING_HEADER = "SpatialSelf/SpatialSelf-Bridging-Header.h";
				SWIFT_UPCOMING_FEATURE_MEMBER_IMPORT_VISIBILITY = YES;
				SWIFT_VERSION = 5.0;
			};
			name = Release;
		};
		BCD26E502FBC04AB002B5A13 /* Debug */ = {
			isa = XCBuildConfiguration;
			buildSettings = {
				ASSETCATALOG_COMPILER_APPICON_NAME = AppIcon;
				ASSETCATALOG_COMPILER_GLOBAL_ACCENT_COLOR_NAME = AccentColor;
				CODE_SIGN_STYLE = Automatic;
				CURRENT_PROJECT_VERSION = 1;
				DEVELOPMENT_TEAM = VP33SENQ3F;
				ENABLE_PREVIEWS = YES;
				GENERATE_INFOPLIST_FILE = YES;
				HEADER_SEARCH_PATHS = (
					"$(inherited)",
					"$(HOME)/self/vms/OurSelf/self64/vm64/build_support/embed",
				);
				LD_RUNPATH_SEARCH_PATHS = (
					"$(inherited)",
					"@executable_path/Frameworks",
				);
				MARKETING_VERSION = 1.0;
				OTHER_LDFLAGS = (
					"$(inherited)",
					"-lc++",
					"-lncurses",
				);
				PRODUCT_BUNDLE_IDENTIFIER = org.selflanguage.SpatialSelf;
				PRODUCT_NAME = "$(TARGET_NAME)";
				STRING_CATALOG_GENERATE_SYMBOLS = YES;
				SUPPORTED_PLATFORMS = "xros xrsimulator";
				SWIFT_APPROACHABLE_CONCURRENCY = YES;
				SWIFT_DEFAULT_ACTOR_ISOLATION = MainActor;
				SWIFT_EMIT_LOC_STRINGS = YES;
				SWIFT_OBJC_BRIDGING_HEADER = "SpatialSelf/SpatialSelf-Bridging-Header.h";
				SWIFT_UPCOMING_FEATURE_MEMBER_IMPORT_VISIBILITY = YES;
				SWIFT_VERSION = 5.0;
				TARGETED_DEVICE_FAMILY = 7;
				XROS_DEPLOYMENT_TARGET = 26.0;
			};
			name = Debug;
		};
		BCD26E512FBC04AB002B5A13 /* Release */ = {
			isa = XCBuildConfiguration;
			buildSettings = {
				ASSETCATALOG_COMPILER_APPICON_NAME = AppIcon;
				ASSETCATALOG_COMPILER_GLOBAL_ACCENT_COLOR_NAME = AccentColor;
				CODE_SIGN_STYLE = Automatic;
				CURRENT_PROJECT_VERSION = 1;
				DEVELOPMENT_TEAM = VP33SENQ3F;
				ENABLE_PREVIEWS = YES;
				GENERATE_INFOPLIST_FILE = YES;
				HEADER_SEARCH_PATHS = (
					"$(inherited)",
					"$(HOME)/self/vms/OurSelf/self64/vm64/build_support/embed",
				);
				LD_RUNPATH_SEARCH_PATHS = (
					"$(inherited)",
					"@executable_path/Frameworks",
				);
				MARKETING_VERSION = 1.0;
				OTHER_LDFLAGS = (
					"$(inherited)",
					"-lc++",
					"-lncurses",
				);
				PRODUCT_BUNDLE_IDENTIFIER = org.selflanguage.SpatialSelf;
				PRODUCT_NAME = "$(TARGET_NAME)";
				STRING_CATALOG_GENERATE_SYMBOLS = YES;
				SUPPORTED_PLATFORMS = "xros xrsimulator";
				SWIFT_APPROACHABLE_CONCURRENCY = YES;
				SWIFT_DEFAULT_ACTOR_ISOLATION = MainActor;
				SWIFT_EMIT_LOC_STRINGS = YES;
				SWIFT_OBJC_BRIDGING_HEADER = "SpatialSelf/SpatialSelf-Bridging-Header.h";
				SWIFT_UPCOMING_FEATURE_MEMBER_IMPORT_VISIBILITY = YES;
				SWIFT_VERSION = 5.0;
				TARGETED_DEVICE_FAMILY = 7;
				XROS_DEPLOYMENT_TARGET = 26.0;
			};
			name = Release;
		};
		BCD26E522FBC04AB002B5A13 /* Debug */ = {
			isa = XCBuildConfiguration;
			buildSettings = {
				ALWAYS_SEARCH_USER_PATHS = NO;
				ASSETCATALOG_COMPILER_GENERATE_SWIFT_ASSET_SYMBOL_EXTENSIONS = YES;
				CLANG_ANALYZER_NONNULL = YES;
				CLANG_ANALYZER_NUMBER_OBJECT_CONVERSION = YES_AGGRESSIVE;
				CLANG_CXX_LANGUAGE_STANDARD = "gnu++20";
				CLANG_ENABLE_MODULES = YES;
				CLANG_ENABLE_OBJC_ARC = YES;
				CLANG_ENABLE_OBJC_WEAK = YES;
				CLANG_WARN_BLOCK_CAPTURE_AUTORELEASING = YES;
				CLANG_WARN_BOOL_CONVERSION = YES;
				CLANG_WARN_COMMA = YES;
				CLANG_WARN_CONSTANT_CONVERSION = YES;
				CLANG_WARN_DEPRECATED_OBJC_IMPLEMENTATIONS = YES;
				CLANG_WARN_DIRECT_OBJC_ISA_USAGE = YES_ERROR;
				CLANG_WARN_DOCUMENTATION_COMMENTS = YES;
				CLANG_WARN_EMPTY_BODY = YES;
				CLANG_WARN_ENUM_CONVERSION = YES;
				CLANG_WARN_INFINITE_RECURSION = YES;
				CLANG_WARN_INT_CONVERSION = YES;
				CLANG_WARN_NON_LITERAL_NULL_CONVERSION = YES;
				CLANG_WARN_OBJC_IMPLICIT_RETAIN_SELF = YES;
				CLANG_WARN_OBJC_LITERAL_CONVERSION = YES;
				CLANG_WARN_OBJC_ROOT_CLASS = YES_ERROR;
				CLANG_WARN_QUOTED_INCLUDE_IN_FRAMEWORK_HEADER = YES;
				CLANG_WARN_RANGE_LOOP_ANALYSIS = YES;
				CLANG_WARN_STRICT_PROTOTYPES = YES;
				CLANG_WARN_SUSPICIOUS_MOVE = YES;
				CLANG_WARN_UNGUARDED_AVAILABILITY = YES_AGGRESSIVE;
				CLANG_WARN_UNREACHABLE_CODE = YES;
				CLANG_WARN__DUPLICATE_METHOD_MATCH = YES;
				COPY_PHASE_STRIP = NO;
				DEBUG_INFORMATION_FORMAT = dwarf;
				DEVELOPMENT_TEAM = VP33SENQ3F;
				ENABLE_STRICT_OBJC_MSGSEND = YES;
				ENABLE_TESTABILITY = YES;
				ENABLE_USER_SCRIPT_SANDBOXING = YES;
				GCC_C_LANGUAGE_STANDARD = gnu17;
				GCC_DYNAMIC_NO_PIC = NO;
				GCC_NO_COMMON_BLOCKS = YES;
				GCC_OPTIMIZATION_LEVEL = 0;
				GCC_PREPROCESSOR_DEFINITIONS = (
					"DEBUG=1",
					"$(inherited)",
				);
				GCC_WARN_64_TO_32_BIT_CONVERSION = YES;
				GCC_WARN_ABOUT_RETURN_TYPE = YES_ERROR;
				GCC_WARN_UNDECLARED_SELECTOR = YES;
				GCC_WARN_UNINITIALIZED_AUTOS = YES_AGGRESSIVE;
				GCC_WARN_UNUSED_FUNCTION = YES;
				GCC_WARN_UNUSED_VARIABLE = YES;
				LOCALIZATION_PREFERS_STRING_CATALOGS = YES;
				MTL_ENABLE_DEBUG_INFO = INCLUDE_SOURCE;
				MTL_FAST_MATH = YES;
				ONLY_ACTIVE_ARCH = YES;
				SDKROOT = xros;
				SWIFT_ACTIVE_COMPILATION_CONDITIONS = "DEBUG $(inherited)";
				SWIFT_OPTIMIZATION_LEVEL = "-Onone";
				XROS_DEPLOYMENT_TARGET = 26.4;
			};
			name = Debug;
		};
		BCD26E532FBC04AB002B5A13 /* Release */ = {
			isa = XCBuildConfiguration;
			buildSettings = {
				ALWAYS_SEARCH_USER_PATHS = NO;
				ASSETCATALOG_COMPILER_GENERATE_SWIFT_ASSET_SYMBOL_EXTENSIONS = YES;
				CLANG_ANALYZER_NONNULL = YES;
				CLANG_ANALYZER_NUMBER_OBJECT_CONVERSION = YES_AGGRESSIVE;
				CLANG_CXX_LANGUAGE_STANDARD = "gnu++20";
				CLANG_ENABLE_MODULES = YES;
				CLANG_ENABLE_OBJC_ARC = YES;
				CLANG_ENABLE_OBJC_WEAK = YES;
				CLANG_WARN_BLOCK_CAPTURE_AUTORELEASING = YES;
				CLANG_WARN_BOOL_CONVERSION = YES;
				CLANG_WARN_COMMA = YES;
				CLANG_WARN_CONSTANT_CONVERSION = YES;
				CLANG_WARN_DEPRECATED_OBJC_IMPLEMENTATIONS = YES;
				CLANG_WARN_DIRECT_OBJC_ISA_USAGE = YES_ERROR;
				CLANG_WARN_DOCUMENTATION_COMMENTS = YES;
				CLANG_WARN_EMPTY_BODY = YES;
				CLANG_WARN_ENUM_CONVERSION = YES;
				CLANG_WARN_INFINITE_RECURSION = YES;
				CLANG_WARN_INT_CONVERSION = YES;
				CLANG_WARN_NON_LITERAL_NULL_CONVERSION = YES;
				CLANG_WARN_OBJC_IMPLICIT_RETAIN_SELF = YES;
				CLANG_WARN_OBJC_LITERAL_CONVERSION = YES;
				CLANG_WARN_OBJC_ROOT_CLASS = YES_ERROR;
				CLANG_WARN_QUOTED_INCLUDE_IN_FRAMEWORK_HEADER = YES;
				CLANG_WARN_RANGE_LOOP_ANALYSIS = YES;
				CLANG_WARN_STRICT_PROTOTYPES = YES;
				CLANG_WARN_SUSPICIOUS_MOVE = YES;
				CLANG_WARN_UNGUARDED_AVAILABILITY = YES_AGGRESSIVE;
				CLANG_WARN_UNREACHABLE_CODE = YES;
				CLANG_WARN__DUPLICATE_METHOD_MATCH = YES;
				COPY_PHASE_STRIP = NO;
				DEBUG_INFORMATION_FORMAT = "dwarf-with-dsym";
				DEVELOPMENT_TEAM = VP33SENQ3F;
				ENABLE_NS_ASSERTIONS = NO;
				ENABLE_STRICT_OBJC_MSGSEND = YES;
				ENABLE_USER_SCRIPT_SANDBOXING = YES;
				GCC_C_LANGUAGE_STANDARD = gnu17;
				GCC_NO_COMMON_BLOCKS = YES;
				GCC_WARN_64_TO_32_BIT_CONVERSION = YES;
				GCC_WARN_ABOUT_RETURN_TYPE = YES_ERROR;
				GCC_WARN_UNDECLARED_SELECTOR = YES;
				GCC_WARN_UNINITIALIZED_AUTOS = YES_AGGRESSIVE;
				GCC_WARN_UNUSED_FUNCTION = YES;
				GCC_WARN_UNUSED_VARIABLE = YES;
				LOCALIZATION_PREFERS_STRING_CATALOGS = YES;
				MTL_ENABLE_DEBUG_INFO = NO;
				MTL_FAST_MATH = YES;
				SDKROOT = xros;
				SWIFT_COMPILATION_MODE = wholemodule;
				VALIDATE_PRODUCT = YES;
				XROS_DEPLOYMENT_TARGET = 26.4;
			};
			name = Release;
		};
/* End XCBuildConfiguration section */

/* Begin XCConfigurationList section */
		BC8FD33A2FC68EA8007157C8 /* Build configuration list for PBXNativeTarget "MacSpatialSelf" */ = {
			isa = XCConfigurationList;
			buildConfigurations = (
				BC8FD3342FC68EA8007157C8 /* Debug */,
				BC8FD3352FC68EA8007157C8 /* Release */,
			);
			defaultConfigurationIsVisible = 0;
			defaultConfigurationName = Release;
		};
		BCD26E392FBC04AA002B5A13 /* Build configuration list for PBXProject "SpatialSelf" */ = {
			isa = XCConfigurationList;
			buildConfigurations = (
				BCD26E522FBC04AB002B5A13 /* Debug */,
				BCD26E532FBC04AB002B5A13 /* Release */,
			);
			defaultConfigurationIsVisible = 0;
			defaultConfigurationName = Release;
		};
		BCD26E4F2FBC04AB002B5A13 /* Build configuration list for PBXNativeTarget "VisionSpatialSelf" */ = {
			isa = XCConfigurationList;
			buildConfigurations = (
				BCD26E502FBC04AB002B5A13 /* Debug */,
				BCD26E512FBC04AB002B5A13 /* Release */,
			);
			defaultConfigurationIsVisible = 0;
			defaultConfigurationName = Release;
		};
/* End XCConfigurationList section */

/* Begin XCSwiftPackageProductDependency section */
		AABB001000000000000000A1 /* Views */ = {
			isa = XCSwiftPackageProductDependency;
			productName = Views;
		};
		AABB001000000000000000A2 /* DavesUtilities */ = {
			isa = XCSwiftPackageProductDependency;
			productName = DavesUtilities;
		};
		BC655B792FC69E7D00336045 /* DavesUtilities */ = {
			isa = XCSwiftPackageProductDependency;
			productName = DavesUtilities;
		};
		BC655B7C2FC69E9C00336045 /* Views */ = {
			isa = XCSwiftPackageProductDependency;
			productName = Views;
		};
/* End XCSwiftPackageProductDependency section */
	};
	rootObject = BCD26E362FBC04AA002B5A13 /* Project object */;
}
