// !$*UTF8*$!
{
	archiveVersion = 1;
	classes = {
	};
	objectVersion = 77;
	objects = {

/* Begin PBXBuildFile section */
		AABB001000000000000000B1 /* Views in Frameworks */ = {isa = PBXBuildFile; productRef = AABB001000000000000000A1 /* Views */; };
		AABB001000000000000000B2 /* DavesUtilities in Frameworks */ = {isa = PBXBuildFile; productRef = AABB001000000000000000A2 /* DavesUtilities */; };
		AABB001000000000000000B3 /* Self.xcframework in Frameworks */ = {isa = PBXBuildFile; fileRef = AABB001000000000000000C3 /* Self.xcframework */; };
/* End PBXBuildFile section */

/* Begin PBXFileReference section */
		AABB001000000000000000C3 /* Self.xcframework */ = {isa = PBXFileReference; lastKnownFileType = wrapper.xcframework; name = Self.xcframework; path = ../Frameworks/Self.xcframework; sourceTree = "<group>"; };
		BCD26E3E2FBC04AA002B5A13 /* SpatialSelf.app */ = {isa = PBXFileReference; explicitFileType = wrapper.application; includeInIndex = 0; path = SpatialSelf.app; sourceTree = BUILT_PRODUCTS_DIR; };
		BCD2724F2FBC0E32002B5A13 /* SpatialSelf.xcodeproj */ = {isa = PBXFileReference; lastKnownFileType = "wrapper.pb-project"; path = SpatialSelf.xcodeproj; sourceTree = "<group>"; };
/* End PBXFileReference section */

/* Begin PBXFileSystemSynchronizedBuildFileExceptionSet section */
		BCD26E4E2FBC04AB002B5A13 /* Exceptions for "SpatialSelf" folder in "SpatialSelf" target */ = {
			isa = PBXFileSystemSynchronizedBuildFileExceptionSet;
			membershipExceptions = (
				Info.plist,
			);
			target = BCD26E3D2FBC04AA002B5A13 /* SpatialSelf */;
		};
/* End PBXFileSystemSynchronizedBuildFileExceptionSet section */

/* Begin PBXFileSystemSynchronizedRootGroup section */
		BCD26E402FBC04AA002B5A13 /* SpatialSelf */ = {
			isa = PBXFileSystemSynchronizedRootGroup;
			exceptions = (
				BCD26E4E2FBC04AB002B5A13 /* Exceptions for "SpatialSelf" folder in "SpatialSelf" target */,
			);
			name = SpatialSelf;
			sourceTree = "<group>";
		};
/* End PBXFileSystemSynchronizedRootGroup section */

/* Begin PBXFrameworksBuildPhase section */
		BCD26E3B2FBC04AA002B5A13 /* Frameworks */ = {
			isa = PBXFrameworksBuildPhase;
			buildActionMask = 2147483647;
			files = (
				AABB001000000000000000B1 /* Views in Frameworks */,
				AABB001000000000000000B2 /* DavesUtilities in Frameworks */,
				AABB001000000000000000B3 /* Self.xcframework in Frameworks */,
			);
			runOnlyForDeploymentPostprocessing = 0;
		};
/* End PBXFrameworksBuildPhase section */

/* Begin PBXGroup section */
		BCD26E352FBC04AA002B5A13 = {
			isa = PBXGroup;
			children = (
				BCD26E402FBC04AA002B5A13 /* SpatialSelf */,
				BCD26E412FBC04AA002B5A13 /* Packages */,
				AABB001000000000000000C3 /* Self.xcframework */,
				BCD26E3F2FBC04AA002B5A13 /* Products */,
			);
			sourceTree = "<group>";
		};
		BCD26E3F2FBC04AA002B5A13 /* Products */ = {
			isa = PBXGroup;
			children = (
				BCD26E3E2FBC04AA002B5A13 /* SpatialSelf.app */,
			);
			name = Products;
			sourceTree = "<group>";
		};
		BCD26E412FBC04AA002B5A13 /* Packages */ = {
			isa = PBXGroup;
			children = (
			);
			path = Packages;
			sourceTree = "<group>";
		};
		BCD272502FBC0E32002B5A13 /* Products */ = {
			isa = PBXGroup;
			name = Products;
			sourceTree = "<group>";
		};
/* End PBXGroup section */

/* Begin PBXNativeTarget section */
		BCD26E3D2FBC04AA002B5A13 /* SpatialSelf */ = {
			isa = PBXNativeTarget;
			buildConfigurationList = BCD26E4F2FBC04AB002B5A13 /* Build configuration list for PBXNativeTarget "SpatialSelf" */;
			buildPhases = (
				AABB001000000000000000D1 /* Run Script: build Self.xcframework */,
				BCD26E3A2FBC04AA002B5A13 /* Sources */,
				BCD26E3B2FBC04AA002B5A13 /* Frameworks */,
				BCD26E3C2FBC04AA002B5A13 /* Resources */,
			);
			buildRules = (
			);
			dependencies = (
			);
			fileSystemSynchronizedGroups = (
				BCD26E402FBC04AA002B5A13 /* SpatialSelf */,
			);
			name = SpatialSelf;
			packageProductDependencies = (
				AABB001000000000000000A1 /* Views */,
				AABB001000000000000000A2 /* DavesUtilities */,
			);
			productName = SpatialSelf;
			productReference = BCD26E3E2FBC04AA002B5A13 /* SpatialSelf.app */;
			productType = "com.apple.product-type.application";
		};
/* End PBXNativeTarget section */

/* Begin PBXProject section */
		BCD26E362FBC04AA002B5A13 /* Project object */ = {
			isa = PBXProject;
			attributes = {
				BuildIndependentTargetsInParallel = 1;
				LastSwiftUpdateCheck = 2650;
				LastUpgradeCheck = 2650;
				TargetAttributes = {
					BCD26E3D2FBC04AA002B5A13 = {
						CreatedOnToolsVersion = 26.5;
					};
				};
			};
			buildConfigurationList = BCD26E392FBC04AA002B5A13 /* Build configuration list for PBXProject "SpatialSelf" */;
			developmentRegion = en;
			hasScannedForEncodings = 0;
			knownRegions = (
				en,
				Base,
			);
			mainGroup = BCD26E352FBC04AA002B5A13;
			minimizedProjectReferenceProxies = 1;
			preferredProjectObjectVersion = 77;
			productRefGroup = BCD26E3F2FBC04AA002B5A13 /* Products */;
			projectDirPath = "";
			projectReferences = (
				{
					ProductGroup = BCD272502FBC0E32002B5A13 /* Products */;
					ProjectRef = BCD2724F2FBC0E32002B5A13 /* SpatialSelf.xcodeproj */;
				},
			);
			projectRoot = "";
			targets = (
				BCD26E3D2FBC04AA002B5A13 /* SpatialSelf */,
			);
		};
/* End PBXProject section */

/* Begin PBXResourcesBuildPhase section */
		BCD26E3C2FBC04AA002B5A13 /* Resources */ = {
			isa = PBXResourcesBuildPhase;
			buildActionMask = 2147483647;
			files = (
			);
			runOnlyForDeploymentPostprocessing = 0;
		};
/* End PBXResourcesBuildPhase section */

/* Begin PBXShellScriptBuildPhase section */
		AABB001000000000000000D1 /* Run Script: build Self.xcframework */ = {
			isa = PBXShellScriptBuildPhase;
			alwaysOutOfDate = 1;
			buildActionMask = 2147483647;
			files = (
			);
			inputFileListPaths = (
			);
			inputPaths = (
				"$(SRCROOT)/../scripts/build-self-vm.sh",
			);
			name = "Run Script: build Self.xcframework";
			outputFileListPaths = (
			);
			outputPaths = (
			);
			runOnlyForDeploymentPostprocessing = 0;
			shellPath = /bin/bash;
			shellScript = "exec \"${SRCROOT}/../scripts/build-self-vm.sh\"\n";
		};
/* End PBXShellScriptBuildPhase section */

/* Begin PBXSourcesBuildPhase section */
		BCD26E3A2FBC04AA002B5A13 /* Sources */ = {
			isa = PBXSourcesBuildPhase;
			buildActionMask = 2147483647;
			files = (
			);
			runOnlyForDeploymentPostprocessing = 0;
		};
/* End PBXSourcesBuildPhase section */

/* Begin XCBuildConfiguration section */
		BCD26E502FBC04AB002B5A13 /* Debug */ = {
			isa = XCBuildConfiguration;
			buildSettings = {
				ASSETCATALOG_COMPILER_APPICON_NAME = AppIcon;
				ASSETCATALOG_COMPILER_GLOBAL_ACCENT_COLOR_NAME = AccentColor;
				CODE_SIGN_STYLE = Automatic;
				CURRENT_PROJECT_VERSION = 1;
				DEVELOPMENT_TEAM = VP33SENQ3F;
				ENABLE_PREVIEWS = YES;
				GENERATE_INFOPLIST_FILE = YES;
				HEADER_SEARCH_PATHS = (
					"$(inherited)",
					"$(HOME)/self/vms/OurSelf/self64/vm64/build_support/embed",
				);
				LD_RUNPATH_SEARCH_PATHS = (
					"$(inherited)",
					"@executable_path/Frameworks",
				);
				MARKETING_VERSION = 1.0;
				OTHER_LDFLAGS = (
					"$(inherited)",
					"-lc++",
					"-lncurses",
				);
				PRODUCT_BUNDLE_IDENTIFIER = org.selflanguage.SpatialSelf;
				PRODUCT_NAME = "$(TARGET_NAME)";
				STRING_CATALOG_GENERATE_SYMBOLS = YES;
				SUPPORTED_PLATFORMS = "xros xrsimulator";
				SWIFT_APPROACHABLE_CONCURRENCY = YES;
				SWIFT_DEFAULT_ACTOR_ISOLATION = MainActor;
				SWIFT_EMIT_LOC_STRINGS = YES;
				SWIFT_OBJC_BRIDGING_HEADER = "SpatialSelf/SpatialSelf-Bridging-Header.h";
				SWIFT_UPCOMING_FEATURE_MEMBER_IMPORT_VISIBILITY = YES;
				SWIFT_VERSION = 5.0;
				TARGETED_DEVICE_FAMILY = 7;
				XROS_DEPLOYMENT_TARGET = 26.0;
			};
			name = Debug;
		};
		BCD26E512FBC04AB002B5A13 /* Release */ = {
			isa = XCBuildConfiguration;
			buildSettings = {
				ASSETCATALOG_COMPILER_APPICON_NAME = AppIcon;
				ASSETCATALOG_COMPILER_GLOBAL_ACCENT_COLOR_NAME = AccentColor;
				CODE_SIGN_STYLE = Automatic;
				CURRENT_PROJECT_VERSION = 1;
				DEVELOPMENT_TEAM = VP33SENQ3F;
				ENABLE_PREVIEWS = YES;
				GENERATE_INFOPLIST_FILE = YES;
				HEADER_SEARCH_PATHS = (
					"$(inherited)",
					"$(HOME)/self/vms/OurSelf/self64/vm64/build_support/embed",
				);
				LD_RUNPATH_SEARCH_PATHS = (
					"$(inherited)",
					"@executable_path/Frameworks",
				);
				MARKETING_VERSION = 1.0;
				OTHER_LDFLAGS = (
					"$(inherited)",
					"-lc++",
					"-lncurses",
				);
				PRODUCT_BUNDLE_IDENTIFIER = org.selflanguage.SpatialSelf;
				PRODUCT_NAME = "$(TARGET_NAME)";
				STRING_CATALOG_GENERATE_SYMBOLS = YES;
				SUPPORTED_PLATFORMS = "xros xrsimulator";
				SWIFT_APPROACHABLE_CONCURRENCY = YES;
				SWIFT_DEFAULT_ACTOR_ISOLATION = MainActor;
				SWIFT_EMIT_LOC_STRINGS = YES;
				SWIFT_OBJC_BRIDGING_HEADER = "SpatialSelf/SpatialSelf-Bridging-Header.h";
				SWIFT_UPCOMING_FEATURE_MEMBER_IMPORT_VISIBILITY = YES;
				SWIFT_VERSION = 5.0;
				TARGETED_DEVICE_FAMILY = 7;
				XROS_DEPLOYMENT_TARGET = 26.0;
			};
			name = Release;
		};
		BCD26E522FBC04AB002B5A13 /* Debug */ = {
			isa = XCBuildConfiguration;
			buildSettings = {
				ALWAYS_SEARCH_USER_PATHS = NO;
				ASSETCATALOG_COMPILER_GENERATE_SWIFT_ASSET_SYMBOL_EXTENSIONS = YES;
				CLANG_ANALYZER_NONNULL = YES;
				CLANG_ANALYZER_NUMBER_OBJECT_CONVERSION = YES_AGGRESSIVE;
				CLANG_CXX_LANGUAGE_STANDARD = "gnu++20";
				CLANG_ENABLE_MODULES = YES;
				CLANG_ENABLE_OBJC_ARC = YES;
				CLANG_ENABLE_OBJC_WEAK = YES;
				CLANG_WARN_BLOCK_CAPTURE_AUTORELEASING = YES;
				CLANG_WARN_BOOL_CONVERSION = YES;
				CLANG_WARN_COMMA = YES;
				CLANG_WARN_CONSTANT_CONVERSION = YES;
				CLANG_WARN_DEPRECATED_OBJC_IMPLEMENTATIONS = YES;
				CLANG_WARN_DIRECT_OBJC_ISA_USAGE = YES_ERROR;
				CLANG_WARN_DOCUMENTATION_COMMENTS = YES;
				CLANG_WARN_EMPTY_BODY = YES;
				CLANG_WARN_ENUM_CONVERSION = YES;
				CLANG_WARN_INFINITE_RECURSION = YES;
				CLANG_WARN_INT_CONVERSION = YES;
				CLANG_WARN_NON_LITERAL_NULL_CONVERSION = YES;
				CLANG_WARN_OBJC_IMPLICIT_RETAIN_SELF = YES;
				CLANG_WARN_OBJC_LITERAL_CONVERSION = YES;
				CLANG_WARN_OBJC_ROOT_CLASS = YES_ERROR;
				CLANG_WARN_QUOTED_INCLUDE_IN_FRAMEWORK_HEADER = YES;
				CLANG_WARN_RANGE_LOOP_ANALYSIS = YES;
				CLANG_WARN_STRICT_PROTOTYPES = YES;
				CLANG_WARN_SUSPICIOUS_MOVE = YES;
				CLANG_WARN_UNGUARDED_AVAILABILITY = YES_AGGRESSIVE;
				CLANG_WARN_UNREACHABLE_CODE = YES;
				CLANG_WARN__DUPLICATE_METHOD_MATCH = YES;
				COPY_PHASE_STRIP = NO;
				DEBUG_INFORMATION_FORMAT = dwarf;
				DEVELOPMENT_TEAM = VP33SENQ3F;
				ENABLE_STRICT_OBJC_MSGSEND = YES;
				ENABLE_TESTABILITY = YES;
				ENABLE_USER_SCRIPT_SANDBOXING = YES;
				GCC_C_LANGUAGE_STANDARD = gnu17;
				GCC_DYNAMIC_NO_PIC = NO;
				GCC_NO_COMMON_BLOCKS = YES;
				GCC_OPTIMIZATION_LEVEL = 0;
				GCC_PREPROCESSOR_DEFINITIONS = (
					"DEBUG=1",
					"$(inherited)",
				);
				GCC_WARN_64_TO_32_BIT_CONVERSION = YES;
				GCC_WARN_ABOUT_RETURN_TYPE = YES_ERROR;
				GCC_WARN_UNDECLARED_SELECTOR = YES;
				GCC_WARN_UNINITIALIZED_AUTOS = YES_AGGRESSIVE;
				GCC_WARN_UNUSED_FUNCTION = YES;
				GCC_WARN_UNUSED_VARIABLE = YES;
				LOCALIZATION_PREFERS_STRING_CATALOGS = YES;
				MTL_ENABLE_DEBUG_INFO = INCLUDE_SOURCE;
				MTL_FAST_MATH = YES;
				ONLY_ACTIVE_ARCH = YES;
				SDKROOT = xros;
				SWIFT_ACTIVE_COMPILATION_CONDITIONS = "DEBUG $(inherited)";
				SWIFT_OPTIMIZATION_LEVEL = "-Onone";
				XROS_DEPLOYMENT_TARGET = 26.4;
			};
			name = Debug;
		};
		BCD26E532FBC04AB002B5A13 /* Release */ = {
			isa = XCBuildConfiguration;
			buildSettings = {
				ALWAYS_SEARCH_USER_PATHS = NO;
				ASSETCATALOG_COMPILER_GENERATE_SWIFT_ASSET_SYMBOL_EXTENSIONS = YES;
				CLANG_ANALYZER_NONNULL = YES;
				CLANG_ANALYZER_NUMBER_OBJECT_CONVERSION = YES_AGGRESSIVE;
				CLANG_CXX_LANGUAGE_STANDARD = "gnu++20";
				CLANG_ENABLE_MODULES = YES;
				CLANG_ENABLE_OBJC_ARC = YES;
				CLANG_ENABLE_OBJC_WEAK = YES;
				CLANG_WARN_BLOCK_CAPTURE_AUTORELEASING = YES;
				CLANG_WARN_BOOL_CONVERSION = YES;
				CLANG_WARN_COMMA = YES;
				CLANG_WARN_CONSTANT_CONVERSION = YES;
				CLANG_WARN_DEPRECATED_OBJC_IMPLEMENTATIONS = YES;
				CLANG_WARN_DIRECT_OBJC_ISA_USAGE = YES_ERROR;
				CLANG_WARN_DOCUMENTATION_COMMENTS = YES;
				CLANG_WARN_EMPTY_BODY = YES;
				CLANG_WARN_ENUM_CONVERSION = YES;
				CLANG_WARN_INFINITE_RECURSION = YES;
				CLANG_WARN_INT_CONVERSION = YES;
				CLANG_WARN_NON_LITERAL_NULL_CONVERSION = YES;
				CLANG_WARN_OBJC_IMPLICIT_RETAIN_SELF = YES;
				CLANG_WARN_OBJC_LITERAL_CONVERSION = YES;
				CLANG_WARN_OBJC_ROOT_CLASS = YES_ERROR;
				CLANG_WARN_QUOTED_INCLUDE_IN_FRAMEWORK_HEADER = YES;
				CLANG_WARN_RANGE_LOOP_ANALYSIS = YES;
				CLANG_WARN_STRICT_PROTOTYPES = YES;
				CLANG_WARN_SUSPICIOUS_MOVE = YES;
				CLANG_WARN_UNGUARDED_AVAILABILITY = YES_AGGRESSIVE;
				CLANG_WARN_UNREACHABLE_CODE = YES;
				CLANG_WARN__DUPLICATE_METHOD_MATCH = YES;
				COPY_PHASE_STRIP = NO;
				DEBUG_INFORMATION_FORMAT = "dwarf-with-dsym";
				DEVELOPMENT_TEAM = VP33SENQ3F;
				ENABLE_NS_ASSERTIONS = NO;
				ENABLE_STRICT_OBJC_MSGSEND = YES;
				ENABLE_USER_SCRIPT_SANDBOXING = YES;
				GCC_C_LANGUAGE_STANDARD = gnu17;
				GCC_NO_COMMON_BLOCKS = YES;
				GCC_WARN_64_TO_32_BIT_CONVERSION = YES;
				GCC_WARN_ABOUT_RETURN_TYPE = YES_ERROR;
				GCC_WARN_UNDECLARED_SELECTOR = YES;
				GCC_WARN_UNINITIALIZED_AUTOS = YES_AGGRESSIVE;
				GCC_WARN_UNUSED_FUNCTION = YES;
				GCC_WARN_UNUSED_VARIABLE = YES;
				LOCALIZATION_PREFERS_STRING_CATALOGS = YES;
				MTL_ENABLE_DEBUG_INFO = NO;
				MTL_FAST_MATH = YES;
				SDKROOT = xros;
				SWIFT_COMPILATION_MODE = wholemodule;
				VALIDATE_PRODUCT = YES;
				XROS_DEPLOYMENT_TARGET = 26.4;
			};
			name = Release;
		};
/* End XCBuildConfiguration section */

/* Begin XCConfigurationList section */
		BCD26E392FBC04AA002B5A13 /* Build configuration list for PBXProject "SpatialSelf" */ = {
			isa = XCConfigurationList;
			buildConfigurations = (
				BCD26E522FBC04AB002B5A13 /* Debug */,
				BCD26E532FBC04AB002B5A13 /* Release */,
			);
			defaultConfigurationIsVisible = 0;
			defaultConfigurationName = Release;
		};
		BCD26E4F2FBC04AB002B5A13 /* Build configuration list for PBXNativeTarget "SpatialSelf" */ = {
			isa = XCConfigurationList;
			buildConfigurations = (
				BCD26E502FBC04AB002B5A13 /* Debug */,
				BCD26E512FBC04AB002B5A13 /* Release */,
			);
			defaultConfigurationIsVisible = 0;
			defaultConfigurationName = Release;
		};
/* End XCConfigurationList section */

/* Begin XCSwiftPackageProductDependency section */
		AABB001000000000000000A1 /* Views */ = {
			isa = XCSwiftPackageProductDependency;
			productName = Views;
		};
		AABB001000000000000000A2 /* DavesUtilities */ = {
			isa = XCSwiftPackageProductDependency;
			productName = DavesUtilities;
		};
/* End XCSwiftPackageProductDependency section */
	};
	rootObject = BCD26E362FBC04AA002B5A13 /* Project object */;
}
